{
  "name": "e-learing",
  "version": "0.1.0",
  "lockfileVersion": 1,
  "requires": true,
  "dependencies": {
    "@img/sharp-darwin-arm64": {
      "version": "0.34.1",
      "resolved": "https://registry.npmjs.org/@img/sharp-darwin-arm64/-/sharp-darwin-arm64-0.34.1.tgz",
      "integrity": "sha512-pn44xgBtgpEbZsu+lWf2KNb6OAf70X68k+yk69Ic2Xz11zHR/w24/U49XT7AeRwJ0Px+mhALhU5LPci1Aymk7A==",
      "optional": true,
      "requires": {
        "@img/sharp-libvips-darwin-arm64": "1.1.0"
      }
    },
    "@img/sharp-darwin-x64": {
      "version": "0.34.1",
      "resolved": "https://registry.npmjs.org/@img/sharp-darwin-x64/-/sharp-darwin-x64-0.34.1.tgz",
      "integrity": "sha512-VfuYgG2r8BpYiOUN+BfYeFo69nP/MIwAtSJ7/Zpxc5QF3KS22z8Pvg3FkrSFJBPNQ7mmcUcYQFBmEQp7eu1F8Q==",
      "optional": true,
      "requires": {
        "@img/sharp-libvips-darwin-x64": "1.1.0"
      }
    },
    "@img/sharp-libvips-darwin-arm64": {
      "version": "1.1.0",
      "resolved": "https://registry.npmjs.org/@img/sharp-libvips-darwin-arm64/-/sharp-libvips-darwin-arm64-1.1.0.tgz",
      "integrity": "sha512-HZ/JUmPwrJSoM4DIQPv/BfNh9yrOA8tlBbqbLz4JZ5uew2+o22Ik+tHQJcih7QJuSa0zo5coHTfD5J8inqj9DA==",
      "optional": true
    },
    "@img/sharp-libvips-darwin-x64": {
      "version": "1.1.0",
      "resolved": "https://registry.npmjs.org/@img/sharp-libvips-darwin-x64/-/sharp-libvips-darwin-x64-1.1.0.tgz",
      "integrity": "sha512-Xzc2ToEmHN+hfvsl9wja0RlnXEgpKNmftriQp6XzY/RaSfwD9th+MSh0WQKzUreLKKINb3afirxW7A0fz2YWuQ==",
      "optional": true
    },
    "@img/sharp-libvips-linux-arm": {
      "version": "1.1.0",
      "resolved": "https://registry.npmjs.org/@img/sharp-libvips-linux-arm/-/sharp-libvips-linux-arm-1.1.0.tgz",
      "integrity": "sha512-s8BAd0lwUIvYCJyRdFqvsj+BJIpDBSxs6ivrOPm/R7piTs5UIwY5OjXrP2bqXC9/moGsyRa37eYWYCOGVXxVrA==",
      "optional": true
    },
    "@img/sharp-libvips-linux-arm64": {
      "version": "1.1.0",
      "resolved": "https://registry.npmjs.org/@img/sharp-libvips-linux-arm64/-/sharp-libvips-linux-arm64-1.1.0.tgz",
      "integrity": "sha512-IVfGJa7gjChDET1dK9SekxFFdflarnUB8PwW8aGwEoF3oAsSDuNUTYS+SKDOyOJxQyDC1aPFMuRYLoDInyV9Ew==",
      "optional": true
    },
    "@img/sharp-libvips-linux-ppc64": {
      "version": "1.1.0",
      "resolved": "https://registry.npmjs.org/@img/sharp-libvips-linux-ppc64/-/sharp-libvips-linux-ppc64-1.1.0.tgz",
      "integrity": "sha512-tiXxFZFbhnkWE2LA8oQj7KYR+bWBkiV2nilRldT7bqoEZ4HiDOcePr9wVDAZPi/Id5fT1oY9iGnDq20cwUz8lQ==",
      "optional": true
    },
    "@img/sharp-libvips-linux-s390x": {
      "version": "1.1.0",
      "resolved": "https://registry.npmjs.org/@img/sharp-libvips-linux-s390x/-/sharp-libvips-linux-s390x-1.1.0.tgz",
      "integrity": "sha512-xukSwvhguw7COyzvmjydRb3x/09+21HykyapcZchiCUkTThEQEOMtBj9UhkaBRLuBrgLFzQ2wbxdeCCJW/jgJA==",
      "optional": true
    },
    "@img/sharp-libvips-linux-x64": {
      "version": "1.1.0",
      "resolved": "https://registry.npmjs.org/@img/sharp-libvips-linux-x64/-/sharp-libvips-linux-x64-1.1.0.tgz",
      "integrity": "sha512-yRj2+reB8iMg9W5sULM3S74jVS7zqSzHG3Ol/twnAAkAhnGQnpjj6e4ayUz7V+FpKypwgs82xbRdYtchTTUB+Q==",
      "optional": true
    },
    "@img/sharp-libvips-linuxmusl-arm64": {
      "version": "1.1.0",
      "resolved": "https://registry.npmjs.org/@img/sharp-libvips-linuxmusl-arm64/-/sharp-libvips-linuxmusl-arm64-1.1.0.tgz",
      "integrity": "sha512-jYZdG+whg0MDK+q2COKbYidaqW/WTz0cc1E+tMAusiDygrM4ypmSCjOJPmFTvHHJ8j/6cAGyeDWZOsK06tP33w==",
      "optional": true
    },
    "@img/sharp-libvips-linuxmusl-x64": {
      "version": "1.1.0",
      "resolved": "https://registry.npmjs.org/@img/sharp-libvips-linuxmusl-x64/-/sharp-libvips-linuxmusl-x64-1.1.0.tgz",
      "integrity": "sha512-wK7SBdwrAiycjXdkPnGCPLjYb9lD4l6Ze2gSdAGVZrEL05AOUJESWU2lhlC+Ffn5/G+VKuSm6zzbQSzFX/P65A==",
      "optional": true
    },
    "@img/sharp-linux-arm": {
      "version": "0.34.1",
      "resolved": "https://registry.npmjs.org/@img/sharp-linux-arm/-/sharp-linux-arm-0.34.1.tgz",
      "integrity": "sha512-anKiszvACti2sGy9CirTlNyk7BjjZPiML1jt2ZkTdcvpLU1YH6CXwRAZCA2UmRXnhiIftXQ7+Oh62Ji25W72jA==",
      "optional": true,
      "requires": {
        "@img/sharp-libvips-linux-arm": "1.1.0"
      }
    },
    "@img/sharp-linux-arm64": {
      "version": "0.34.1",
      "resolved": "https://registry.npmjs.org/@img/sharp-linux-arm64/-/sharp-linux-arm64-0.34.1.tgz",
      "integrity": "sha512-kX2c+vbvaXC6vly1RDf/IWNXxrlxLNpBVWkdpRq5Ka7OOKj6nr66etKy2IENf6FtOgklkg9ZdGpEu9kwdlcwOQ==",
      "optional": true,
      "requires": {
        "@img/sharp-libvips-linux-arm64": "1.1.0"
      }
    },
    "@img/sharp-linux-s390x": {
      "version": "0.34.1",
      "resolved": "https://registry.npmjs.org/@img/sharp-linux-s390x/-/sharp-linux-s390x-0.34.1.tgz",
      "integrity": "sha512-7s0KX2tI9mZI2buRipKIw2X1ufdTeaRgwmRabt5bi9chYfhur+/C1OXg3TKg/eag1W+6CCWLVmSauV1owmRPxA==",
      "optional": true,
      "requires": {
        "@img/sharp-libvips-linux-s390x": "1.1.0"
      }
    },
    "@img/sharp-linux-x64": {
      "version": "0.34.1",
      "resolved": "https://registry.npmjs.org/@img/sharp-linux-x64/-/sharp-linux-x64-0.34.1.tgz",
      "integrity": "sha512-wExv7SH9nmoBW3Wr2gvQopX1k8q2g5V5Iag8Zk6AVENsjwd+3adjwxtp3Dcu2QhOXr8W9NusBU6XcQUohBZ5MA==",
      "optional": true,
      "requires": {
        "@img/sharp-libvips-linux-x64": "1.1.0"
      }
    },
    "@img/sharp-linuxmusl-arm64": {
      "version": "0.34.1",
      "resolved": "https://registry.npmjs.org/@img/sharp-linuxmusl-arm64/-/sharp-linuxmusl-arm64-0.34.1.tgz",
      "integrity": "sha512-DfvyxzHxw4WGdPiTF0SOHnm11Xv4aQexvqhRDAoD00MzHekAj9a/jADXeXYCDFH/DzYruwHbXU7uz+H+nWmSOQ==",
      "optional": true,
      "requires": {
        "@img/sharp-libvips-linuxmusl-arm64": "1.1.0"
      }
    },
    "@img/sharp-linuxmusl-x64": {
      "version": "0.34.1",
      "resolved": "https://registry.npmjs.org/@img/sharp-linuxmusl-x64/-/sharp-linuxmusl-x64-0.34.1.tgz",
      "integrity": "sha512-pax/kTR407vNb9qaSIiWVnQplPcGU8LRIJpDT5o8PdAx5aAA7AS3X9PS8Isw1/WfqgQorPotjrZL3Pqh6C5EBg==",
      "optional": true,
      "requires": {
        "@img/sharp-libvips-linuxmusl-x64": "1.1.0"
      }
    },
    "@img/sharp-wasm32": {
      "version": "0.34.1",
      "resolved": "https://registry.npmjs.org/@img/sharp-wasm32/-/sharp-wasm32-0.34.1.tgz",
      "integrity": "sha512-YDybQnYrLQfEpzGOQe7OKcyLUCML4YOXl428gOOzBgN6Gw0rv8dpsJ7PqTHxBnXnwXr8S1mYFSLSa727tpz0xg==",
      "optional": true
    },
    "@img/sharp-win32-ia32": {
      "version": "0.34.1",
      "resolved": "https://registry.npmjs.org/@img/sharp-win32-ia32/-/sharp-win32-ia32-0.34.1.tgz",
      "integrity": "sha512-WKf/NAZITnonBf3U1LfdjoMgNO5JYRSlhovhRhMxXVdvWYveM4kM3L8m35onYIdh75cOMCo1BexgVQcCDzyoWw==",
      "optional": true
    },
    "@img/sharp-win32-x64": {
      "version": "0.34.1",
      "resolved": "https://registry.npmjs.org/@img/sharp-win32-x64/-/sharp-win32-x64-0.34.1.tgz",
      "integrity": "sha512-hw1iIAHpNE8q3uMIRCgGOeDoz9KtFNarFLQclLxr/LK1VBkj8nby18RjFvr6aP7USRYAjTZW6yisnBWMX571Tw==",
      "optional": true
    },
    "@next/env": {
      "version": "15.3.0",
      "resolved": "https://registry.npmjs.org/@next/env/-/env-15.3.0.tgz",
      "integrity": "sha512-6mDmHX24nWlHOlbwUiAOmMyY7KELimmi+ed8qWcJYjqXeC+G6JzPZ3QosOAfjNwgMIzwhXBiRiCgdh8axTTdTA=="
    },
    "@next/swc-darwin-arm64": {
      "version": "15.3.0",
      "resolved": "https://registry.npmjs.org/@next/swc-darwin-arm64/-/swc-darwin-arm64-15.3.0.tgz",
      "integrity": "sha512-PDQcByT0ZfF2q7QR9d+PNj3wlNN4K6Q8JoHMwFyk252gWo4gKt7BF8Y2+KBgDjTFBETXZ/TkBEUY7NIIY7A/Kw==",
      "optional": true
    },
    "@next/swc-darwin-x64": {
      "version": "15.3.0",
      "resolved": "https://registry.npmjs.org/@next/swc-darwin-x64/-/swc-darwin-x64-15.3.0.tgz",
      "integrity": "sha512-m+eO21yg80En8HJ5c49AOQpFDq+nP51nu88ZOMCorvw3g//8g1JSUsEiPSiFpJo1KCTQ+jm9H0hwXK49H/RmXg==",
      "optional": true
    },
    "@next/swc-linux-arm64-gnu": {
      "version": "15.3.0",
      "resolved": "https://registry.npmjs.org/@next/swc-linux-arm64-gnu/-/swc-linux-arm64-gnu-15.3.0.tgz",
      "integrity": "sha512-H0Kk04ZNzb6Aq/G6e0un4B3HekPnyy6D+eUBYPJv9Abx8KDYgNMWzKt4Qhj57HXV3sTTjsfc1Trc1SxuhQB+Tg==",
      "optional": true
    },
    "@next/swc-linux-arm64-musl": {
      "version": "15.3.0",
      "resolved": "https://registry.npmjs.org/@next/swc-linux-arm64-musl/-/swc-linux-arm64-musl-15.3.0.tgz",
      "integrity": "sha512-k8GVkdMrh/+J9uIv/GpnHakzgDQhrprJ/FbGQvwWmstaeFG06nnAoZCJV+wO/bb603iKV1BXt4gHG+s2buJqZA==",
      "optional": true
    },
    "@next/swc-linux-x64-gnu": {
      "version": "15.3.0",
      "resolved": "https://registry.npmjs.org/@next/swc-linux-x64-gnu/-/swc-linux-x64-gnu-15.3.0.tgz",
      "integrity": "sha512-ZMQ9yzDEts/vkpFLRAqfYO1wSpIJGlQNK9gZ09PgyjBJUmg8F/bb8fw2EXKgEaHbCc4gmqMpDfh+T07qUphp9A==",
      "optional": true
    },
    "@next/swc-linux-x64-musl": {
      "version": "15.3.0",
      "resolved": "https://registry.npmjs.org/@next/swc-linux-x64-musl/-/swc-linux-x64-musl-15.3.0.tgz",
      "integrity": "sha512-RFwq5VKYTw9TMr4T3e5HRP6T4RiAzfDJ6XsxH8j/ZeYq2aLsBqCkFzwMI0FmnSsLaUbOb46Uov0VvN3UciHX5A==",
      "optional": true
    },
    "@next/swc-win32-arm64-msvc": {
      "version": "15.3.0",
      "resolved": "https://registry.npmjs.org/@next/swc-win32-arm64-msvc/-/swc-win32-arm64-msvc-15.3.0.tgz",
      "integrity": "sha512-a7kUbqa/k09xPjfCl0RSVAvEjAkYBYxUzSVAzk2ptXiNEL+4bDBo9wNC43G/osLA/EOGzG4CuNRFnQyIHfkRgQ==",
      "optional": true
    },
    "@next/swc-win32-x64-msvc": {
      "version": "15.3.0",
      "resolved": "https://registry.npmjs.org/@next/swc-win32-x64-msvc/-/swc-win32-x64-msvc-15.3.0.tgz",
      "integrity": "sha512-vHUQS4YVGJPmpjn7r5lEZuMhK5UQBNBRSB+iGDvJjaNk649pTIcRluDWNb9siunyLLiu/LDPHfvxBtNamyuLTw==",
      "optional": true
    },
    "@parcel/watcher": {
      "version": "2.5.1",
      "resolved": "https://registry.npmjs.org/@parcel/watcher/-/watcher-2.5.1.tgz",
      "integrity": "sha512-dfUnCxiN9H4ap84DvD2ubjw+3vUNpstxa0TneY/Paat8a3R4uQZDLSvWjmznAY/DoahqTHl9V46HF/Zs3F29pg==",
      "optional": true,
      "requires": {
        "@parcel/watcher-android-arm64": "2.5.1",
        "@parcel/watcher-darwin-arm64": "2.5.1",
        "@parcel/watcher-darwin-x64": "2.5.1",
        "@parcel/watcher-freebsd-x64": "2.5.1",
        "@parcel/watcher-linux-arm-glibc": "2.5.1",
        "@parcel/watcher-linux-arm-musl": "2.5.1",
        "@parcel/watcher-linux-arm64-glibc": "2.5.1",
        "@parcel/watcher-linux-arm64-musl": "2.5.1",
        "@parcel/watcher-linux-x64-glibc": "2.5.1",
        "@parcel/watcher-linux-x64-musl": "2.5.1",
        "@parcel/watcher-win32-arm64": "2.5.1",
        "@parcel/watcher-win32-ia32": "2.5.1",
        "@parcel/watcher-win32-x64": "2.5.1",
        "detect-libc": "^1.0.3",
        "is-glob": "^4.0.3",
        "micromatch": "^4.0.5",
        "node-addon-api": "^7.0.0"
      },
      "dependencies": {
        "detect-libc": {
          "version": "1.0.3",
          "resolved": "https://registry.npmjs.org/detect-libc/-/detect-libc-1.0.3.tgz",
          "integrity": "sha512-pGjwhsmsp4kL2RTz08wcOlGN83otlqHeD/Z5T8GXZB+/YcpQ/dgo+lbU8ZsGxV0HIvqqxo9l7mqYwyYMD9bKDg==",
          "optional": true
        }
      }
    },
    "@parcel/watcher-android-arm64": {
      "version": "2.5.1",
      "resolved": "https://registry.npmjs.org/@parcel/watcher-android-arm64/-/watcher-android-arm64-2.5.1.tgz",
      "integrity": "sha512-KF8+j9nNbUN8vzOFDpRMsaKBHZ/mcjEjMToVMJOhTozkDonQFFrRcfdLWn6yWKCmJKmdVxSgHiYvTCef4/qcBA==",
      "optional": true
    },
    "@parcel/watcher-darwin-arm64": {
      "version": "2.5.1",
      "resolved": "https://registry.npmjs.org/@parcel/watcher-darwin-arm64/-/watcher-darwin-arm64-2.5.1.tgz",
      "integrity": "sha512-eAzPv5osDmZyBhou8PoF4i6RQXAfeKL9tjb3QzYuccXFMQU0ruIc/POh30ePnaOyD1UXdlKguHBmsTs53tVoPw==",
      "optional": true
    },
    "@parcel/watcher-darwin-x64": {
      "version": "2.5.1",
      "resolved": "https://registry.npmjs.org/@parcel/watcher-darwin-x64/-/watcher-darwin-x64-2.5.1.tgz",
      "integrity": "sha512-1ZXDthrnNmwv10A0/3AJNZ9JGlzrF82i3gNQcWOzd7nJ8aj+ILyW1MTxVk35Db0u91oD5Nlk9MBiujMlwmeXZg==",
      "optional": true
    },
    "@parcel/watcher-freebsd-x64": {
      "version": "2.5.1",
      "resolved": "https://registry.npmjs.org/@parcel/watcher-freebsd-x64/-/watcher-freebsd-x64-2.5.1.tgz",
      "integrity": "sha512-SI4eljM7Flp9yPuKi8W0ird8TI/JK6CSxju3NojVI6BjHsTyK7zxA9urjVjEKJ5MBYC+bLmMcbAWlZ+rFkLpJQ==",
      "optional": true
    },
    "@parcel/watcher-linux-arm-glibc": {
      "version": "2.5.1",
      "resolved": "https://registry.npmjs.org/@parcel/watcher-linux-arm-glibc/-/watcher-linux-arm-glibc-2.5.1.tgz",
      "integrity": "sha512-RCdZlEyTs8geyBkkcnPWvtXLY44BCeZKmGYRtSgtwwnHR4dxfHRG3gR99XdMEdQ7KeiDdasJwwvNSF5jKtDwdA==",
      "optional": true
    },
    "@parcel/watcher-linux-arm-musl": {
      "version": "2.5.1",
      "resolved": "https://registry.npmjs.org/@parcel/watcher-linux-arm-musl/-/watcher-linux-arm-musl-2.5.1.tgz",
      "integrity": "sha512-6E+m/Mm1t1yhB8X412stiKFG3XykmgdIOqhjWj+VL8oHkKABfu/gjFj8DvLrYVHSBNC+/u5PeNrujiSQ1zwd1Q==",
      "optional": true
    },
    "@parcel/watcher-linux-arm64-glibc": {
      "version": "2.5.1",
      "resolved": "https://registry.npmjs.org/@parcel/watcher-linux-arm64-glibc/-/watcher-linux-arm64-glibc-2.5.1.tgz",
      "integrity": "sha512-LrGp+f02yU3BN9A+DGuY3v3bmnFUggAITBGriZHUREfNEzZh/GO06FF5u2kx8x+GBEUYfyTGamol4j3m9ANe8w==",
      "optional": true
    },
    "@parcel/watcher-linux-arm64-musl": {
      "version": "2.5.1",
      "resolved": "https://registry.npmjs.org/@parcel/watcher-linux-arm64-musl/-/watcher-linux-arm64-musl-2.5.1.tgz",
      "integrity": "sha512-cFOjABi92pMYRXS7AcQv9/M1YuKRw8SZniCDw0ssQb/noPkRzA+HBDkwmyOJYp5wXcsTrhxO0zq1U11cK9jsFg==",
      "optional": true
    },
    "@parcel/watcher-linux-x64-glibc": {
      "version": "2.5.1",
      "resolved": "https://registry.npmjs.org/@parcel/watcher-linux-x64-glibc/-/watcher-linux-x64-glibc-2.5.1.tgz",
      "integrity": "sha512-GcESn8NZySmfwlTsIur+49yDqSny2IhPeZfXunQi48DMugKeZ7uy1FX83pO0X22sHntJ4Ub+9k34XQCX+oHt2A==",
      "optional": true
    },
    "@parcel/watcher-linux-x64-musl": {
      "version": "2.5.1",
      "resolved": "https://registry.npmjs.org/@parcel/watcher-linux-x64-musl/-/watcher-linux-x64-musl-2.5.1.tgz",
      "integrity": "sha512-n0E2EQbatQ3bXhcH2D1XIAANAcTZkQICBPVaxMeaCVBtOpBZpWJuf7LwyWPSBDITb7In8mqQgJ7gH8CILCURXg==",
      "optional": true
    },
    "@parcel/watcher-win32-arm64": {
      "version": "2.5.1",
      "resolved": "https://registry.npmjs.org/@parcel/watcher-win32-arm64/-/watcher-win32-arm64-2.5.1.tgz",
      "integrity": "sha512-RFzklRvmc3PkjKjry3hLF9wD7ppR4AKcWNzH7kXR7GUe0Igb3Nz8fyPwtZCSquGrhU5HhUNDr/mKBqj7tqA2Vw==",
      "optional": true
    },
    "@parcel/watcher-win32-ia32": {
      "version": "2.5.1",
      "resolved": "https://registry.npmjs.org/@parcel/watcher-win32-ia32/-/watcher-win32-ia32-2.5.1.tgz",
      "integrity": "sha512-c2KkcVN+NJmuA7CGlaGD1qJh1cLfDnQsHjE89E60vUEMlqduHGCdCLJCID5geFVM0dOtA3ZiIO8BoEQmzQVfpQ==",
      "optional": true
    },
    "@parcel/watcher-win32-x64": {
      "version": "2.5.1",
      "resolved": "https://registry.npmjs.org/@parcel/watcher-win32-x64/-/watcher-win32-x64-2.5.1.tgz",
      "integrity": "sha512-9lHBdJITeNR++EvSQVUcaZoWupyHfXe1jZvGZ06O/5MflPcuPLtEphScIBL+AiCWBO46tDSHzWyD0uDmmZqsgA==",
      "optional": true
    },
    "@swc/counter": {
      "version": "0.1.3",
      "resolved": "https://registry.npmjs.org/@swc/counter/-/counter-0.1.3.tgz",
      "integrity": "sha512-e2BR4lsJkkRlKZ/qCHPw9ZaSxc0MVUd7gtbtaB7aMvHeJVYe8sOB8DBZkP2DtISHGSku9sCK6T6cnY0CtXrOCQ=="
    },
    "@swc/helpers": {
      "version": "0.5.15",
      "resolved": "https://registry.npmjs.org/@swc/helpers/-/helpers-0.5.15.tgz",
      "integrity": "sha512-JQ5TuMi45Owi4/BIMAJBoSQoOJu12oOk/gADqlcUL9JEdHB8vyjUSsxqeNXnmXHjYKMi2WcYtezGEEhqUI/E2g==",
      "requires": {
        "tslib": "^2.8.0"
      }
    },
    "braces": {
      "version": "3.0.3",
      "resolved": "https://registry.npmjs.org/braces/-/braces-3.0.3.tgz",
      "integrity": "sha512-yQbXgO/OSZVD2IsiLlro+7Hf6Q18EJrKSEsdoMzKePKXct3gvD8oLcOQdIzGupr5Fj+EDe8gO/lxc1BzfMpxvA==",
      "optional": true,
      "requires": {
        "fill-range": "^7.1.1"
      }
    },
    "busboy": {
      "version": "1.6.0",
      "resolved": "https://registry.npmjs.org/busboy/-/busboy-1.6.0.tgz",
      "integrity": "sha512-8SFQbg/0hQ9xy3UNTB0YEnsNBbWfhf7RtnzpL7TkBiTBRfrQ9Fxcnz7VJsleJpyp6rVLvXiuORqjlHi5q+PYuA==",
      "requires": {
        "streamsearch": "^1.1.0"
      }
    },
    "caniuse-lite": {
      "version": "1.0.30001713",
      "resolved": "https://registry.npmjs.org/caniuse-lite/-/caniuse-lite-1.0.30001713.tgz",
      "integrity": "sha512-wCIWIg+A4Xr7NfhTuHdX+/FKh3+Op3LBbSp2N5Pfx6T/LhdQy3GTyoTg48BReaW/MyMNZAkTadsBtai3ldWK0Q=="
    },
    "chokidar": {
      "version": "4.0.3",
      "resolved": "https://registry.npmjs.org/chokidar/-/chokidar-4.0.3.tgz",
      "integrity": "sha512-Qgzu8kfBvo+cA4962jnP1KkS6Dop5NS6g7R5LFYJr4b8Ub94PPQXUksCw9PvXoeXPRRddRNC5C1JQUR2SMGtnA==",
      "requires": {
        "readdirp": "^4.0.1"
      }
    },
    "client-only": {
      "version": "0.0.1",
      "resolved": "https://registry.npmjs.org/client-only/-/client-only-0.0.1.tgz",
      "integrity": "sha512-IV3Ou0jSMzZrd3pZ48nLkT9DA7Ag1pnPzaiQhpW7c3RbcqqzvzzVu+L8gfqMp/8IM2MQtSiqaCxrrcfu8I8rMA=="
    },
    "color": {
      "version": "4.2.3",
      "resolved": "https://registry.npmjs.org/color/-/color-4.2.3.tgz",
      "integrity": "sha512-1rXeuUUiGGrykh+CeBdu5Ie7OJwinCgQY0bc7GCRxy5xVHy+moaqkpL/jqQq0MtQOeYcrqEz4abc5f0KtU7W4A==",
      "optional": true,
      "requires": {
        "color-convert": "^2.0.1",
        "color-string": "^1.9.0"
      }
    },
    "color-convert": {
      "version": "2.0.1",
      "resolved": "https://registry.npmjs.org/color-convert/-/color-convert-2.0.1.tgz",
      "integrity": "sha512-RRECPsj7iu/xb5oKYcsFHSppFNnsj/52OVTRKb4zP5onXwVF3zVmmToNcOfGC+CRDpfK/U584fMg38ZHCaElKQ==",
      "optional": true,
      "requires": {
        "color-name": "~1.1.4"
      }
    },
    "color-name": {
      "version": "1.1.4",
      "resolved": "https://registry.npmjs.org/color-name/-/color-name-1.1.4.tgz",
      "integrity": "sha512-dOy+3AuW3a2wNbZHIuMZpTcgjGuLU/uBL/ubcZF9OXbDo8ff4O8yVp5Bf0efS8uEoYo5q4Fx7dY9OgQGXgAsQA==",
      "optional": true
    },
    "color-string": {
      "version": "1.9.1",
      "resolved": "https://registry.npmjs.org/color-string/-/color-string-1.9.1.tgz",
      "integrity": "sha512-shrVawQFojnZv6xM40anx4CkoDP+fZsw/ZerEMsW/pyzsRbElpsL/DBVW7q3ExxwusdNXI3lXpuhEZkzs8p5Eg==",
      "optional": true,
      "requires": {
        "color-name": "^1.0.0",
        "simple-swizzle": "^0.2.2"
      }
    },
    "detect-libc": {
      "version": "2.0.3",
      "resolved": "https://registry.npmjs.org/detect-libc/-/detect-libc-2.0.3.tgz",
      "integrity": "sha512-bwy0MGW55bG41VqxxypOsdSdGqLwXPI/focwgTYCFMbdUiBAxLg9CFzG08sz2aqzknwiX7Hkl0bQENjg8iLByw==",
      "optional": true
    },
    "fill-range": {
      "version": "7.1.1",
      "resolved": "https://registry.npmjs.org/fill-range/-/fill-range-7.1.1.tgz",
      "integrity": "sha512-YsGpe3WHLK8ZYi4tWDg2Jy3ebRz2rXowDxnld4bkQB00cc/1Zw9AWnC0i9ztDJitivtQvaI9KaLyKrc+hBW0yg==",
      "optional": true,
      "requires": {
        "to-regex-range": "^5.0.1"
      }
    },
    "immutable": {
      "version": "5.1.1",
      "resolved": "https://registry.npmjs.org/immutable/-/immutable-5.1.1.tgz",
      "integrity": "sha512-3jatXi9ObIsPGr3N5hGw/vWWcTkq6hUYhpQz4k0wLC+owqWi/LiugIw9x0EdNZ2yGedKN/HzePiBvaJRXa0Ujg=="
    },
    "is-arrayish": {
      "version": "0.3.2",
      "resolved": "https://registry.npmjs.org/is-arrayish/-/is-arrayish-0.3.2.tgz",
      "integrity": "sha512-eVRqCvVlZbuw3GrM63ovNSNAeA1K16kaR/LRY/92w0zxQ5/1YzwblUX652i4Xs9RwAGjW9d9y6X88t8OaAJfWQ==",
      "optional": true
    },
    "is-extglob": {
      "version": "2.1.1",
      "resolved": "https://registry.npmjs.org/is-extglob/-/is-extglob-2.1.1.tgz",
      "integrity": "sha512-SbKbANkN603Vi4jEZv49LeVJMn4yGwsbzZworEoyEiutsN3nJYdbO36zfhGJ6QEDpOZIFkDtnq5JRxmvl3jsoQ==",
      "optional": true
    },
    "is-glob": {
      "version": "4.0.3",
      "resolved": "https://registry.npmjs.org/is-glob/-/is-glob-4.0.3.tgz",
      "integrity": "sha512-xelSayHH36ZgE7ZWhli7pW34hNbNl8Ojv5KVmkJD4hBdD3th8Tfk9vYasLM+mXWOZhFkgZfxhLSnrwRr4elSSg==",
      "optional": true,
      "requires": {
        "is-extglob": "^2.1.1"
      }
    },
    "is-number": {
      "version": "7.0.0",
      "resolved": "https://registry.npmjs.org/is-number/-/is-number-7.0.0.tgz",
      "integrity": "sha512-41Cifkg6e8TylSpdtTpeLVMqvSBEVzTttHvERD741+pnZ8ANv0004MRL43QKPDlK9cGvNp6NZWZUBlbGXYxxng==",
      "optional": true
    },
    "micromatch": {
      "version": "4.0.8",
      "resolved": "https://registry.npmjs.org/micromatch/-/micromatch-4.0.8.tgz",
      "integrity": "sha512-PXwfBhYu0hBCPw8Dn0E+WDYb7af3dSLVWKi3HGv84IdF4TyFoC0ysxFd0Goxw7nSv4T/PzEJQxsYsEiFCKo2BA==",
      "optional": true,
      "requires": {
        "braces": "^3.0.3",
        "picomatch": "^2.3.1"
      }
    },
    "nanoid": {
      "version": "3.3.11",
      "resolved": "https://registry.npmjs.org/nanoid/-/nanoid-3.3.11.tgz",
      "integrity": "sha512-N8SpfPUnUp1bK+PMYW8qSWdl9U+wwNWI4QKxOYDy9JAro3WMX7p2OeVRF9v+347pnakNevPmiHhNmZ2HbFA76w=="
    },
    "next": {
      "version": "15.3.0",
      "requires": {
        "@next/env": "15.3.0",
        "@next/swc-darwin-arm64": "15.3.0",
        "@next/swc-darwin-x64": "15.3.0",
        "@next/swc-linux-arm64-gnu": "15.3.0",
        "@next/swc-linux-arm64-musl": "15.3.0",
        "@next/swc-linux-x64-gnu": "15.3.0",
        "@next/swc-linux-x64-musl": "15.3.0",
        "@next/swc-win32-arm64-msvc": "15.3.0",
        "@next/swc-win32-x64-msvc": "15.3.0",
        "@swc/counter": "0.1.3",
        "@swc/helpers": "0.5.15",
        "busboy": "1.6.0",
        "caniuse-lite": "^1.0.30001579",
        "postcss": "8.4.31",
        "sharp": "^0.34.1",
        "styled-jsx": "5.1.6"
      }
    },
    "node-addon-api": {
      "version": "7.1.1",
      "resolved": "https://registry.npmjs.org/node-addon-api/-/node-addon-api-7.1.1.tgz",
      "integrity": "sha512-5m3bsyrjFWE1xf7nz7YXdN4udnVtXK6/Yfgn5qnahL6bCkf2yKt4k3nuTKAtT4r3IG8JNR2ncsIMdZuAzJjHQQ==",
      "optional": true
    },
    "picocolors": {
      "version": "1.1.1",
      "resolved": "https://registry.npmjs.org/picocolors/-/picocolors-1.1.1.tgz",
      "integrity": "sha512-xceH2snhtb5M9liqDsmEw56le376mTZkEX/jEb/RxNFyegNul7eNslCXP9FDj/Lcu0X8KEyMceP2ntpaHrDEVA=="
    },
    "picomatch": {
      "version": "2.3.1",
      "resolved": "https://registry.npmjs.org/picomatch/-/picomatch-2.3.1.tgz",
      "integrity": "sha512-JU3teHTNjmE2VCGFzuY8EXzCDVwEqB2a8fsIvwaStHhAWJEeVd1o1QD80CU6+ZdEXXSLbSsuLwJjkCBWqRQUVA==",
      "optional": true
    },
    "postcss": {
      "version": "8.4.31",
      "resolved": "https://registry.npmjs.org/postcss/-/postcss-8.4.31.tgz",
      "integrity": "sha512-PS08Iboia9mts/2ygV3eLpY5ghnUcfLV/EXTOW1E2qYxJKGGBUtNjN76FYHnMs36RmARn41bC0AZmn+rR0OVpQ==",
      "requires": {
        "nanoid": "^3.3.6",
        "picocolors": "^1.0.0",
        "source-map-js": "^1.0.2"
      }
    },
    "react": {
      "version": "19.1.0"
    },
    "react-dom": {
      "version": "19.1.0",
      "requires": {
        "scheduler": "^0.26.0"
      }
    },
    "readdirp": {
      "version": "4.1.2",
      "resolved": "https://registry.npmjs.org/readdirp/-/readdirp-4.1.2.tgz",
      "integrity": "sha512-GDhwkLfywWL2s6vEjyhri+eXmfH6j1L7JE27WhqLeYzoh/A3DBaYGEj2H/HFZCn/kMfim73FXxEJTw06WtxQwg=="
    },
    "sass": {
      "version": "1.86.3",
      "resolved": "https://registry.npmjs.org/sass/-/sass-1.86.3.tgz",
      "integrity": "sha512-iGtg8kus4GrsGLRDLRBRHY9dNVA78ZaS7xr01cWnS7PEMQyFtTqBiyCrfpTYTZXRWM94akzckYjh8oADfFNTzw==",
      "requires": {
        "@parcel/watcher": "^2.4.1",
        "chokidar": "^4.0.0",
        "immutable": "^5.0.2",
        "source-map-js": ">=0.6.2 <2.0.0"
      }
    },
    "scheduler": {
      "version": "0.26.0",
      "resolved": "https://registry.npmjs.org/scheduler/-/scheduler-0.26.0.tgz",
      "integrity": "sha512-NlHwttCI/l5gCPR3D1nNXtWABUmBwvZpEQiD4IXSbIDq8BzLIK/7Ir5gTFSGZDUu37K5cMNp0hFtzO38sC7gWA=="
    },
    "semver": {
      "version": "7.7.1",
      "resolved": "https://registry.npmjs.org/semver/-/semver-7.7.1.tgz",
      "integrity": "sha512-hlq8tAfn0m/61p4BVRcPzIGr6LKiMwo4VM6dGi6pt4qcRkmNzTcWq6eCEjEh+qXjkMDvPlOFFSGwQjoEa6gyMA==",
      "optional": true
    },
    "sharp": {
      "version": "0.34.1",
      "resolved": "https://registry.npmjs.org/sharp/-/sharp-0.34.1.tgz",
      "integrity": "sha512-1j0w61+eVxu7DawFJtnfYcvSv6qPFvfTaqzTQ2BLknVhHTwGS8sc63ZBF4rzkWMBVKybo4S5OBtDdZahh2A1xg==",
      "optional": true,
      "requires": {
        "@img/sharp-darwin-arm64": "0.34.1",
        "@img/sharp-darwin-x64": "0.34.1",
        "@img/sharp-libvips-darwin-arm64": "1.1.0",
        "@img/sharp-libvips-darwin-x64": "1.1.0",
        "@img/sharp-libvips-linux-arm": "1.1.0",
        "@img/sharp-libvips-linux-arm64": "1.1.0",
        "@img/sharp-libvips-linux-ppc64": "1.1.0",
        "@img/sharp-libvips-linux-s390x": "1.1.0",
        "@img/sharp-libvips-linux-x64": "1.1.0",
        "@img/sharp-libvips-linuxmusl-arm64": "1.1.0",
        "@img/sharp-libvips-linuxmusl-x64": "1.1.0",
        "@img/sharp-linux-arm": "0.34.1",
        "@img/sharp-linux-arm64": "0.34.1",
        "@img/sharp-linux-s390x": "0.34.1",
        "@img/sharp-linux-x64": "0.34.1",
        "@img/sharp-linuxmusl-arm64": "0.34.1",
        "@img/sharp-linuxmusl-x64": "0.34.1",
        "@img/sharp-wasm32": "0.34.1",
        "@img/sharp-win32-ia32": "0.34.1",
        "@img/sharp-win32-x64": "0.34.1",
        "color": "^4.2.3",
        "detect-libc": "^2.0.3",
        "semver": "^7.7.1"
      }
    },
    "simple-swizzle": {
      "version": "0.2.2",
      "resolved": "https://registry.npmjs.org/simple-swizzle/-/simple-swizzle-0.2.2.tgz",
      "integrity": "sha512-JA//kQgZtbuY83m+xT+tXJkmJncGMTFT+C+g2h2R9uxkYIrE2yy9sgmcLhCnw57/WSD+Eh3J97FPEDFnbXnDUg==",
      "optional": true,
      "requires": {
        "is-arrayish": "^0.3.1"
      }
    },
    "source-map-js": {
      "version": "1.2.1",
      "resolved": "https://registry.npmjs.org/source-map-js/-/source-map-js-1.2.1.tgz",
      "integrity": "sha512-UXWMKhLOwVKb728IUtQPXxfYU+usdybtUrK/8uGE8CQMvrhOpwvzDBwj0QhSL7MQc7vIsISBG8VQ8+IDQxpfQA=="
    },
    "streamsearch": {
      "version": "1.1.0",
      "resolved": "https://registry.npmjs.org/streamsearch/-/streamsearch-1.1.0.tgz",
      "integrity": "sha512-Mcc5wHehp9aXz1ax6bZUyY5afg9u2rv5cqQI3mRrYkGC8rW2hM02jWuwjtL++LS5qinSyhj2QfLyNsuc+VsExg=="
    },
    "styled-jsx": {
      "version": "5.1.6",
      "resolved": "https://registry.npmjs.org/styled-jsx/-/styled-jsx-5.1.6.tgz",
      "integrity": "sha512-qSVyDTeMotdvQYoHWLNGwRFJHC+i+ZvdBRYosOFgC+Wg1vx4frN2/RG/NA7SYqqvKNLf39P2LSRA2pu6n0XYZA==",
      "requires": {
        "client-only": "0.0.1"
      }
    },
    "to-regex-range": {
      "version": "5.0.1",
      "resolved": "https://registry.npmjs.org/to-regex-range/-/to-regex-range-5.0.1.tgz",
      "integrity": "sha512-65P7iz6X5yEr1cwcgvQxbbIw7Uk3gOy5dIdtZ4rDveLqhrdJP+Li/Hx6tyK0NEb+2GCyneCMJiGqrADCSNk8sQ==",
      "optional": true,
      "requires": {
        "is-number": "^7.0.0"
      }
    },
    "tslib": {
      "version": "2.8.1",
      "resolved": "https://registry.npmjs.org/tslib/-/tslib-2.8.1.tgz",
      "integrity": "sha512-oJFu94HQb+KVduSUQL7wnpmqnfmLsOA/nAh6b6EH0wCEoK0/mPeXU6c3wKDV83MkOuHPRHtSXKKU99IBazS/2w=="
    }
  }
}
